
Microsoft Visual Studio Solution File, Format Version 12.00
# Visual Studio 15
VisualStudioVersion = 15.0.27428.2037
MinimumVisualStudioVersion = 10.0.40219.1
Project("{9A19103F-16F7-4668-BE54-9A1E7A4F7556}") = "BuffteksWebsite", "BuffteksWebsite.csproj", "{76351D7E-55AE-4501-B062-BFEE1900315C}"
EndProject
Global
	GlobalSection(SolutionConfigurationPlatforms) = preSolution
		Debug|Any CPU = Debug|Any CPU
		Release|Any CPU = Release|Any CPU
	EndGlobalSection
	GlobalSection(ProjectConfigurationPlatforms) = postSolution
		{76351D7E-55AE-4501-B062-BFEE1900315C}.Debug|Any CPU.ActiveCfg = Debug|Any CPU
		{76351D7E-55AE-4501-B062-BFEE1900315C}.Debug|Any CPU.Build.0 = Debug|Any CPU
		{76351D7E-55AE-4501-B062-BFEE1900315C}.Release|Any CPU.ActiveCfg = Release|Any CPU
		{76351D7E-55AE-4501-B062-BFEE1900315C}.Release|Any CPU.Build.0 = Release|Any CPU
	EndGlobalSection
	GlobalSection(SolutionProperties) = preSolution
		HideSolutionNode = FALSE
	EndGlobalSection
	GlobalSection(ExtensibilityGlobals) = postSolution
		SolutionGuid = {F232EB11-92CB-4CD7-A71D-DDF9EBA6DC1C}
	EndGlobalSection
EndGlobal
